
Microsoft Visual Studio Solution File, Format Version 12.00
# Visual Studio 15
VisualStudioVersion = 15.0.27130.2026
MinimumVisualStudioVersion = 10.0.40219.1
Project("{FAE04EC0-301F-11D3-BF4B-00C04F79EFBC}") = "CigaretteTracker", "CigaretteTracker\CigaretteTracker.csproj", "{C8C3798B-0B3F-49CD-AFDB-5C02D96E4890}"
EndProject
Global
	GlobalSection(SolutionConfigurationPlatforms) = preSolution
		Debug|Any CPU = Debug|Any CPU
		Release|Any CPU = Release|Any CPU
	EndGlobalSection
	GlobalSection(ProjectConfigurationPlatforms) = postSolution
		{C8C3798B-0B3F-49CD-AFDB-5C02D96E4890}.Debug|Any CPU.ActiveCfg = Debug|Any CPU
		{C8C3798B-0B3F-49CD-AFDB-5C02D96E4890}.Debug|Any CPU.Build.0 = Debug|Any CPU
		{C8C3798B-0B3F-49CD-AFDB-5C02D96E4890}.Release|Any CPU.ActiveCfg = Release|Any CPU
		{C8C3798B-0B3F-49CD-AFDB-5C02D96E4890}.Release|Any CPU.Build.0 = Release|Any CPU
	EndGlobalSection
	GlobalSection(SolutionProperties) = preSolution
		HideSolutionNode = FALSE
	EndGlobalSection
	GlobalSection(ExtensibilityGlobals) = postSolution
		SolutionGuid = {BCFF4C38-526D-4630-9DB2-FBA19B17F2E1}
	EndGlobalSection
EndGlobal
